// !$*UTF8*$!
{
	archiveVersion = 1;
	classes = {
	};
	objectVersion = 50;
	objects = {

/* Begin PBXBuildFile section */
		2403FBA6263351E400C9018B /* AppDelegate.swift in Sources */ = {isa = PBXBuildFile; fileRef = 2403FBA5263351E400C9018B /* AppDelegate.swift */; };
		2403FBA8263351E400C9018B /* SceneDelegate.swift in Sources */ = {isa = PBXBuildFile; fileRef = 2403FBA7263351E400C9018B /* SceneDelegate.swift */; };
		2403FBAA263351E400C9018B /* ViewController.swift in Sources */ = {isa = PBXBuildFile; fileRef = 2403FBA9263351E400C9018B /* ViewController.swift */; };
		2403FBAD263351E400C9018B /* Main.storyboard in Resources */ = {isa = PBXBuildFile; fileRef = 2403FBAB263351E400C9018B /* Main.storyboard */; };
		2403FBAF263351E600C9018B /* Assets.xcassets in Resources */ = {isa = PBXBuildFile; fileRef = 2403FBAE263351E600C9018B /* Assets.xcassets */; };
		2403FBB2263351E600C9018B /* LaunchScreen.storyboard in Resources */ = {isa = PBXBuildFile; fileRef = 2403FBB0263351E600C9018B /* LaunchScreen.storyboard */; };
		2403FBBD263351E700C9018B /* InstagramCloneTests.swift in Sources */ = {isa = PBXBuildFile; fileRef = 2403FBBC263351E700C9018B /* InstagramCloneTests.swift */; };
		2403FBC8263351E700C9018B /* InstagramCloneUITests.swift in Sources */ = {isa = PBXBuildFile; fileRef = 2403FBC7263351E700C9018B /* InstagramCloneUITests.swift */; };
		2403FBD9263354D900C9018B /* GoogleService-Info.plist in Resources */ = {isa = PBXBuildFile; fileRef = 2403FBD8263354D900C9018B /* GoogleService-Info.plist */; };
/* End PBXBuildFile section */

/* Begin PBXContainerItemProxy section */
		2403FBB9263351E700C9018B /* PBXContainerItemProxy */ = {
			isa = PBXContainerItemProxy;
			containerPortal = 2403FB9A263351E400C9018B /* Project object */;
			proxyType = 1;
			remoteGlobalIDString = 2403FBA1263351E400C9018B;
			remoteInfo = InstagramClone;
		};
		2403FBC4263351E700C9018B /* PBXContainerItemProxy */ = {
			isa = PBXContainerItemProxy;
			containerPortal = 2403FB9A263351E400C9018B /* Project object */;
			proxyType = 1;
			remoteGlobalIDString = 2403FBA1263351E400C9018B;
			remoteInfo = InstagramClone;
		};
/* End PBXContainerItemProxy section */

/* Begin PBXFileReference section */
		2403FBA2263351E400C9018B /* InstagramClone.app */ = {isa = PBXFileReference; explicitFileType = wrapper.application; includeInIndex = 0; path = InstagramClone.app; sourceTree = BUILT_PRODUCTS_DIR; };
		2403FBA5263351E400C9018B /* AppDelegate.swift */ = {isa = PBXFileReference; lastKnownFileType = sourcecode.swift; path = AppDelegate.swift; sourceTree = "<group>"; };
		2403FBA7263351E400C9018B /* SceneDelegate.swift */ = {isa = PBXFileReference; lastKnownFileType = sourcecode.swift; path = SceneDelegate.swift; sourceTree = "<group>"; };
		2403FBA9263351E400C9018B /* ViewController.swift */ = {isa = PBXFileReference; lastKnownFileType = sourcecode.swift; path = ViewController.swift; sourceTree = "<group>"; };
		2403FBAC263351E400C9018B /* Base */ = {isa = PBXFileReference; lastKnownFileType = file.storyboard; name = Base; path = Base.lproj/Main.storyboard; sourceTree = "<group>"; };
		2403FBAE263351E600C9018B /* Assets.xcassets */ = {isa = PBXFileReference; lastKnownFileType = folder.assetcatalog; path = Assets.xcassets; sourceTree = "<group>"; };
		2403FBB1263351E600C9018B /* Base */ = {isa = PBXFileReference; lastKnownFileType = file.storyboard; name = Base; path = Base.lproj/LaunchScreen.storyboard; sourceTree = "<group>"; };
		2403FBB3263351E600C9018B /* Info.plist */ = {isa = PBXFileReference; lastKnownFileType = text.plist.xml; path = Info.plist; sourceTree = "<group>"; };
		2403FBB8263351E700C9018B /* InstagramCloneTests.xctest */ = {isa = PBXFileReference; explicitFileType = wrapper.cfbundle; includeInIndex = 0; path = InstagramCloneTests.xctest; sourceTree = BUILT_PRODUCTS_DIR; };
		2403FBBC263351E700C9018B /* InstagramCloneTests.swift */ = {isa = PBXFileReference; lastKnownFileType = sourcecode.swift; path = InstagramCloneTests.swift; sourceTree = "<group>"; };
		2403FBBE263351E700C9018B /* Info.plist */ = {isa = PBXFileReference; lastKnownFileType = text.plist.xml; path = Info.plist; sourceTree = "<group>"; };
		2403FBC3263351E700C9018B /* InstagramCloneUITests.xctest */ = {isa = PBXFileReference; explicitFileType = wrapper.cfbundle; includeInIndex = 0; path = InstagramCloneUITests.xctest; sourceTree = BUILT_PRODUCTS_DIR; };
		2403FBC7263351E700C9018B /* InstagramCloneUITests.swift */ = {isa = PBXFileReference; lastKnownFileType = sourcecode.swift; path = InstagramCloneUITests.swift; sourceTree = "<group>"; };
		2403FBC9263351E700C9018B /* Info.plist */ = {isa = PBXFileReference; lastKnownFileType = text.plist.xml; path = Info.plist; sourceTree = "<group>"; };
		2403FBD8263354D900C9018B /* GoogleService-Info.plist */ = {isa = PBXFileReference; fileEncoding = 4; lastKnownFileType = text.plist.xml; path = "GoogleService-Info.plist"; sourceTree = "<group>"; };
/* End PBXFileReference section */

/* Begin PBXFrameworksBuildPhase section */
		2403FB9F263351E400C9018B /* Frameworks */ = {
			isa = PBXFrameworksBuildPhase;
			buildActionMask = 2147483647;
			files = (
			);
			runOnlyForDeploymentPostprocessing = 0;
		};
		2403FBB5263351E700C9018B /* Frameworks */ = {
			isa = PBXFrameworksBuildPhase;
			buildActionMask = 2147483647;
			files = (
			);
			runOnlyForDeploymentPostprocessing = 0;
		};
		2403FBC0263351E700C9018B /* Frameworks */ = {
			isa = PBXFrameworksBuildPhase;
			buildActionMask = 2147483647;
			files = (
			);
			runOnlyForDeploymentPostprocessing = 0;
		};
/* End PBXFrameworksBuildPhase section */

/* Begin PBXGroup section */
		2403FB99263351E400C9018B = {
			isa = PBXGroup;
			children = (
				2403FBA4263351E400C9018B /* InstagramClone */,
				2403FBBB263351E700C9018B /* InstagramCloneTests */,
				2403FBC6263351E700C9018B /* InstagramCloneUITests */,
				2403FBA3263351E400C9018B /* Products */,
			);
			sourceTree = "<group>";
		};
		2403FBA3263351E400C9018B /* Products */ = {
			isa = PBXGroup;
			children = (
				2403FBA2263351E400C9018B /* InstagramClone.app */,
				2403FBB8263351E700C9018B /* InstagramCloneTests.xctest */,
				2403FBC3263351E700C9018B /* InstagramCloneUITests.xctest */,
			);
			name = Products;
			sourceTree = "<group>";
		};
		2403FBA4263351E400C9018B /* InstagramClone */ = {
			isa = PBXGroup;
			children = (
				2403FBD8263354D900C9018B /* GoogleService-Info.plist */,
				2403FBA5263351E400C9018B /* AppDelegate.swift */,
				2403FBA7263351E400C9018B /* SceneDelegate.swift */,
				2403FBA9263351E400C9018B /* ViewController.swift */,
				2403FBAB263351E400C9018B /* Main.storyboard */,
				2403FBAE263351E600C9018B /* Assets.xcassets */,
				2403FBB0263351E600C9018B /* LaunchScreen.storyboard */,
				2403FBB3263351E600C9018B /* Info.plist */,
			);
			path = InstagramClone;
			sourceTree = "<group>";
		};
		2403FBBB263351E700C9018B /* InstagramCloneTests */ = {
			isa = PBXGroup;
			children = (
				2403FBBC263351E700C9018B /* InstagramCloneTests.swift */,
				2403FBBE263351E700C9018B /* Info.plist */,
			);
			path = InstagramCloneTests;
			sourceTree = "<group>";
		};
		2403FBC6263351E700C9018B /* InstagramCloneUITests */ = {
			isa = PBXGroup;
			children = (
				2403FBC7263351E700C9018B /* InstagramCloneUITests.swift */,
				2403FBC9263351E700C9018B /* Info.plist */,
			);
			path = InstagramCloneUITests;
			sourceTree = "<group>";
		};
/* End PBXGroup section */

/* Begin PBXNativeTarget section */
		2403FBA1263351E400C9018B /* InstagramClone */ = {
			isa = PBXNativeTarget;
			buildConfigurationList = 2403FBCC263351E700C9018B /* Build configuration list for PBXNativeTarget "InstagramClone" */;
			buildPhases = (
				2403FB9E263351E400C9018B /* Sources */,
				2403FB9F263351E400C9018B /* Frameworks */,
				2403FBA0263351E400C9018B /* Resources */,
			);
			buildRules = (
			);
			dependencies = (
			);
			name = InstagramClone;
			productName = InstagramClone;
			productReference = 2403FBA2263351E400C9018B /* InstagramClone.app */;
			productType = "com.apple.product-type.application";
		};
		2403FBB7263351E700C9018B /* InstagramCloneTests */ = {
			isa = PBXNativeTarget;
			buildConfigurationList = 2403FBCF263351E700C9018B /* Build configuration list for PBXNativeTarget "InstagramCloneTests" */;
			buildPhases = (
				2403FBB4263351E700C9018B /* Sources */,
				2403FBB5263351E700C9018B /* Frameworks */,
				2403FBB6263351E700C9018B /* Resources */,
			);
			buildRules = (
			);
			dependencies = (
				2403FBBA263351E700C9018B /* PBXTargetDependency */,
			);
			name = InstagramCloneTests;
			productName = InstagramCloneTests;
			productReference = 2403FBB8263351E700C9018B /* InstagramCloneTests.xctest */;
			productType = "com.apple.product-type.bundle.unit-test";
		};
		2403FBC2263351E700C9018B /* InstagramCloneUITests */ = {
			isa = PBXNativeTarget;
			buildConfigurationList = 2403FBD2263351E700C9018B /* Build configuration list for PBXNativeTarget "InstagramCloneUITests" */;
			buildPhases = (
				2403FBBF263351E700C9018B /* Sources */,
				2403FBC0263351E700C9018B /* Frameworks */,
				2403FBC1263351E700C9018B /* Resources */,
			);
			buildRules = (
			);
			dependencies = (
				2403FBC5263351E700C9018B /* PBXTargetDependency */,
			);
			name = InstagramCloneUITests;
			productName = InstagramCloneUITests;
			productReference = 2403FBC3263351E700C9018B /* InstagramCloneUITests.xctest */;
			productType = "com.apple.product-type.bundle.ui-testing";
		};
/* End PBXNativeTarget section */

/* Begin PBXProject section */
		2403FB9A263351E400C9018B /* Project object */ = {
			isa = PBXProject;
			attributes = {
				LastSwiftUpdateCheck = 1240;
				LastUpgradeCheck = 1240;
				TargetAttributes = {
					2403FBA1263351E400C9018B = {
						CreatedOnToolsVersion = 12.4;
					};
					2403FBB7263351E700C9018B = {
						CreatedOnToolsVersion = 12.4;
						TestTargetID = 2403FBA1263351E400C9018B;
					};
					2403FBC2263351E700C9018B = {
						CreatedOnToolsVersion = 12.4;
						TestTargetID = 2403FBA1263351E400C9018B;
					};
				};
			};
			buildConfigurationList = 2403FB9D263351E400C9018B /* Build configuration list for PBXProject "InstagramClone" */;
			compatibilityVersion = "Xcode 9.3";
			developmentRegion = en;
			hasScannedForEncodings = 0;
			knownRegions = (
				en,
				Base,
			);
			mainGroup = 2403FB99263351E400C9018B;
			productRefGroup = 2403FBA3263351E400C9018B /* Products */;
			projectDirPath = "";
			projectRoot = "";
			targets = (
				2403FBA1263351E400C9018B /* InstagramClone */,
				2403FBB7263351E700C9018B /* InstagramCloneTests */,
				2403FBC2263351E700C9018B /* InstagramCloneUITests */,
			);
		};
/* End PBXProject section */

/* Begin PBXResourcesBuildPhase section */
		2403FBA0263351E400C9018B /* Resources */ = {
			isa = PBXResourcesBuildPhase;
			buildActionMask = 2147483647;
			files = (
				2403FBB2263351E600C9018B /* LaunchScreen.storyboard in Resources */,
				2403FBD9263354D900C9018B /* GoogleService-Info.plist in Resources */,
				2403FBAF263351E600C9018B /* Assets.xcassets in Resources */,
				2403FBAD263351E400C9018B /* Main.storyboard in Resources */,
			);
			runOnlyForDeploymentPostprocessing = 0;
		};
		2403FBB6263351E700C9018B /* Resources */ = {
			isa = PBXResourcesBuildPhase;
			buildActionMask = 2147483647;
			files = (
			);
			runOnlyForDeploymentPostprocessing = 0;
		};
		2403FBC1263351E700C9018B /* Resources */ = {
			isa = PBXResourcesBuildPhase;
			buildActionMask = 2147483647;
			files = (
			);
			runOnlyForDeploymentPostprocessing = 0;
		};
/* End PBXResourcesBuildPhase section */

/* Begin PBXSourcesBuildPhase section */
		2403FB9E263351E400C9018B /* Sources */ = {
			isa = PBXSourcesBuildPhase;
			buildActionMask = 2147483647;
			files = (
				2403FBAA263351E400C9018B /* ViewController.swift in Sources */,
				2403FBA6263351E400C9018B /* AppDelegate.swift in Sources */,
				2403FBA8263351E400C9018B /* SceneDelegate.swift in Sources */,
			);
			runOnlyForDeploymentPostprocessing = 0;
		};
		2403FBB4263351E700C9018B /* Sources */ = {
			isa = PBXSourcesBuildPhase;
			buildActionMask = 2147483647;
			files = (
				2403FBBD263351E700C9018B /* InstagramCloneTests.swift in Sources */,
			);
			runOnlyForDeploymentPostprocessing = 0;
		};
		2403FBBF263351E700C9018B /* Sources */ = {
			isa = PBXSourcesBuildPhase;
			buildActionMask = 2147483647;
			files = (
				2403FBC8263351E700C9018B /* InstagramCloneUITests.swift in Sources */,
			);
			runOnlyForDeploymentPostprocessing = 0;
		};
/* End PBXSourcesBuildPhase section */

/* Begin PBXTargetDependency section */
		2403FBBA263351E700C9018B /* PBXTargetDependency */ = {
			isa = PBXTargetDependency;
			target = 2403FBA1263351E400C9018B /* InstagramClone */;
			targetProxy = 2403FBB9263351E700C9018B /* PBXContainerItemProxy */;
		};
		2403FBC5263351E700C9018B /* PBXTargetDependency */ = {
			isa = PBXTargetDependency;
			target = 2403FBA1263351E400C9018B /* InstagramClone */;
			targetProxy = 2403FBC4263351E700C9018B /* PBXContainerItemProxy */;
		};
/* End PBXTargetDependency section */

/* Begin PBXVariantGroup section */
		2403FBAB263351E400C9018B /* Main.storyboard */ = {
			isa = PBXVariantGroup;
			children = (
				2403FBAC263351E400C9018B /* Base */,
			);
			name = Main.storyboard;
			sourceTree = "<group>";
		};
		2403FBB0263351E600C9018B /* LaunchScreen.storyboard */ = {
			isa = PBXVariantGroup;
			children = (
				2403FBB1263351E600C9018B /* Base */,
			);
			name = LaunchScreen.storyboard;
			sourceTree = "<group>";
		};
/* End PBXVariantGroup section */

/* Begin XCBuildConfiguration section */
		2403FBCA263351E700C9018B /* Debug */ = {
			isa = XCBuildConfiguration;
			buildSettings = {
				ALWAYS_SEARCH_USER_PATHS = NO;
				CLANG_ANALYZER_NONNULL = YES;
				CLANG_ANALYZER_NUMBER_OBJECT_CONVERSION = YES_AGGRESSIVE;
				CLANG_CXX_LANGUAGE_STANDARD = "gnu++14";
				CLANG_CXX_LIBRARY = "libc++";
				CLANG_ENABLE_MODULES = YES;
				CLANG_ENABLE_OBJC_ARC = YES;
				CLANG_ENABLE_OBJC_WEAK = YES;
				CLANG_WARN_BLOCK_CAPTURE_AUTORELEASING = YES;
				CLANG_WARN_BOOL_CONVERSION = YES;
				CLANG_WARN_COMMA = YES;
				CLANG_WARN_CONSTANT_CONVERSION = YES;
				CLANG_WARN_DEPRECATED_OBJC_IMPLEMENTATIONS = YES;
				CLANG_WARN_DIRECT_OBJC_ISA_USAGE = YES_ERROR;
				CLANG_WARN_DOCUMENTATION_COMMENTS = YES;
				CLANG_WARN_EMPTY_BODY = YES;
				CLANG_WARN_ENUM_CONVERSION = YES;
				CLANG_WARN_INFINITE_RECURSION = YES;
				CLANG_WARN_INT_CONVERSION = YES;
				CLANG_WARN_NON_LITERAL_NULL_CONVERSION = YES;
				CLANG_WARN_OBJC_IMPLICIT_RETAIN_SELF = YES;
				CLANG_WARN_OBJC_LITERAL_CONVERSION = YES;
				CLANG_WARN_OBJC_ROOT_CLASS = YES_ERROR;
				CLANG_WARN_QUOTED_INCLUDE_IN_FRAMEWORK_HEADER = YES;
				CLANG_WARN_RANGE_LOOP_ANALYSIS = YES;
				CLANG_WARN_STRICT_PROTOTYPES = YES;
				CLANG_WARN_SUSPICIOUS_MOVE = YES;
				CLANG_WARN_UNGUARDED_AVAILABILITY = YES_AGGRESSIVE;
				CLANG_WARN_UNREACHABLE_CODE = YES;
				CLANG_WARN__DUPLICATE_METHOD_MATCH = YES;
				COPY_PHASE_STRIP = NO;
				DEBUG_INFORMATION_FORMAT = dwarf;
				ENABLE_STRICT_OBJC_MSGSEND = YES;
				ENABLE_TESTABILITY = YES;
				GCC_C_LANGUAGE_STANDARD = gnu11;
				GCC_DYNAMIC_NO_PIC = NO;
				GCC_NO_COMMON_BLOCKS = YES;
				GCC_OPTIMIZATION_LEVEL = 0;
				GCC_PREPROCESSOR_DEFINITIONS = (
					"DEBUG=1",
					"$(inherited)",
				);
				GCC_WARN_64_TO_32_BIT_CONVERSION = YES;
				GCC_WARN_ABOUT_RETURN_TYPE = YES_ERROR;
				GCC_WARN_UNDECLARED_SELECTOR = YES;
				GCC_WARN_UNINITIALIZED_AUTOS = YES_AGGRESSIVE;
				GCC_WARN_UNUSED_FUNCTION = YES;
				GCC_WARN_UNUSED_VARIABLE = YES;
				IPHONEOS_DEPLOYMENT_TARGET = 14.4;
				MTL_ENABLE_DEBUG_INFO = INCLUDE_SOURCE;
				MTL_FAST_MATH = YES;
				ONLY_ACTIVE_ARCH = YES;
				SDKROOT = iphoneos;
				SWIFT_ACTIVE_COMPILATION_CONDITIONS = DEBUG;
				SWIFT_OPTIMIZATION_LEVEL = "-Onone";
			};
			name = Debug;
		};
		2403FBCB263351E700C9018B /* Release */ = {
			isa = XCBuildConfiguration;
			buildSettings = {
				ALWAYS_SEARCH_USER_PATHS = NO;
				CLANG_ANALYZER_NONNULL = YES;
				CLANG_ANALYZER_NUMBER_OBJECT_CONVERSION = YES_AGGRESSIVE;
				CLANG_CXX_LANGUAGE_STANDARD = "gnu++14";
				CLANG_CXX_LIBRARY = "libc++";
				CLANG_ENABLE_MODULES = YES;
				CLANG_ENABLE_OBJC_ARC = YES;
				CLANG_ENABLE_OBJC_WEAK = YES;
				CLANG_WARN_BLOCK_CAPTURE_AUTORELEASING = YES;
				CLANG_WARN_BOOL_CONVERSION = YES;
				CLANG_WARN_COMMA = YES;
				CLANG_WARN_CONSTANT_CONVERSION = YES;
				CLANG_WARN_DEPRECATED_OBJC_IMPLEMENTATIONS = YES;
				CLANG_WARN_DIRECT_OBJC_ISA_USAGE = YES_ERROR;
				CLANG_WARN_DOCUMENTATION_COMMENTS = YES;
				CLANG_WARN_EMPTY_BODY = YES;
				CLANG_WARN_ENUM_CONVERSION = YES;
				CLANG_WARN_INFINITE_RECURSION = YES;
				CLANG_WARN_INT_CONVERSION = YES;
				CLANG_WARN_NON_LITERAL_NULL_CONVERSION = YES;
				CLANG_WARN_OBJC_IMPLICIT_RETAIN_SELF = YES;
				CLANG_WARN_OBJC_LITERAL_CONVERSION = YES;
				CLANG_WARN_OBJC_ROOT_CLASS = YES_ERROR;
				CLANG_WARN_QUOTED_INCLUDE_IN_FRAMEWORK_HEADER = YES;
				CLANG_WARN_RANGE_LOOP_ANALYSIS = YES;
				CLANG_WARN_STRICT_PROTOTYPES = YES;
				CLANG_WARN_SUSPICIOUS_MOVE = YES;
				CLANG_WARN_UNGUARDED_AVAILABILITY = YES_AGGRESSIVE;
				CLANG_WARN_UNREACHABLE_CODE = YES;
				CLANG_WARN__DUPLICATE_METHOD_MATCH = YES;
				COPY_PHASE_STRIP = NO;
				DEBUG_INFORMATION_FORMAT = "dwarf-with-dsym";
				ENABLE_NS_ASSERTIONS = NO;
				ENABLE_STRICT_OBJC_MSGSEND = YES;
				GCC_C_LANGUAGE_STANDARD = gnu11;
				GCC_NO_COMMON_BLOCKS = YES;
				GCC_WARN_64_TO_32_BIT_CONVERSION = YES;
				GCC_WARN_ABOUT_RETURN_TYPE = YES_ERROR;
				GCC_WARN_UNDECLARED_SELECTOR = YES;
				GCC_WARN_UNINITIALIZED_AUTOS = YES_AGGRESSIVE;
				GCC_WARN_UNUSED_FUNCTION = YES;
				GCC_WARN_UNUSED_VARIABLE = YES;
				IPHONEOS_DEPLOYMENT_TARGET = 14.4;
				MTL_ENABLE_DEBUG_INFO = NO;
				MTL_FAST_MATH = YES;
				SDKROOT = iphoneos;
				SWIFT_COMPILATION_MODE = wholemodule;
				SWIFT_OPTIMIZATION_LEVEL = "-O";
				VALIDATE_PRODUCT = YES;
			};
			name = Release;
		};
		2403FBCD263351E700C9018B /* Debug */ = {
			isa = XCBuildConfiguration;
			buildSettings = {
				ASSETCATALOG_COMPILER_APPICON_NAME = AppIcon;
				ASSETCATALOG_COMPILER_GLOBAL_ACCENT_COLOR_NAME = AccentColor;
				CODE_SIGN_STYLE = Automatic;
				DEVELOPMENT_TEAM = 223PZ4VYA4;
				INFOPLIST_FILE = InstagramClone/Info.plist;
				LD_RUNPATH_SEARCH_PATHS = (
					"$(inherited)",
					"@executable_path/Frameworks",
				);
				PRODUCT_BUNDLE_IDENTIFIER = "Bilel-Bouricha.InstagramClone";
				PRODUCT_NAME = "$(TARGET_NAME)";
				SWIFT_VERSION = 5.0;
				TARGETED_DEVICE_FAMILY = "1,2";
			};
			name = Debug;
		};
		2403FBCE263351E700C9018B /* Release */ = {
			isa = XCBuildConfiguration;
			buildSettings = {
				ASSETCATALOG_COMPILER_APPICON_NAME = AppIcon;
				ASSETCATALOG_COMPILER_GLOBAL_ACCENT_COLOR_NAME = AccentColor;
				CODE_SIGN_STYLE = Automatic;
				DEVELOPMENT_TEAM = 223PZ4VYA4;
				INFOPLIST_FILE = InstagramClone/Info.plist;
				LD_RUNPATH_SEARCH_PATHS = (
					"$(inherited)",
					"@executable_path/Frameworks",
				);
				PRODUCT_BUNDLE_IDENTIFIER = "Bilel-Bouricha.InstagramClone";
				PRODUCT_NAME = "$(TARGET_NAME)";
				SWIFT_VERSION = 5.0;
				TARGETED_DEVICE_FAMILY = "1,2";
			};
			name = Release;
		};
		2403FBD0263351E700C9018B /* Debug */ = {
			isa = XCBuildConfiguration;
			buildSettings = {
				ALWAYS_EMBED_SWIFT_STANDARD_LIBRARIES = YES;
				BUNDLE_LOADER = "$(TEST_HOST)";
				CODE_SIGN_STYLE = Automatic;
				DEVELOPMENT_TEAM = 223PZ4VYA4;
				INFOPLIST_FILE = InstagramCloneTests/Info.plist;
				IPHONEOS_DEPLOYMENT_TARGET = 14.4;
				LD_RUNPATH_SEARCH_PATHS = (
					"$(inherited)",
					"@executable_path/Frameworks",
					"@loader_path/Frameworks",
				);
				PRODUCT_BUNDLE_IDENTIFIER = "Bilel-Bouricha.InstagramCloneTests";
				PRODUCT_NAME = "$(TARGET_NAME)";
				SWIFT_VERSION = 5.0;
				TARGETED_DEVICE_FAMILY = "1,2";
				TEST_HOST = "$(BUILT_PRODUCTS_DIR)/InstagramClone.app/InstagramClone";
			};
			name = Debug;
		};
		2403FBD1263351E700C9018B /* Release */ = {
			isa = XCBuildConfiguration;
			buildSettings = {
				ALWAYS_EMBED_SWIFT_STANDARD_LIBRARIES = YES;
				BUNDLE_LOADER = "$(TEST_HOST)";
				CODE_SIGN_STYLE = Automatic;
				DEVELOPMENT_TEAM = 223PZ4VYA4;
				INFOPLIST_FILE = InstagramCloneTests/Info.plist;
				IPHONEOS_DEPLOYMENT_TARGET = 14.4;
				LD_RUNPATH_SEARCH_PATHS = (
					"$(inherited)",
					"@executable_path/Frameworks",
					"@loader_path/Frameworks",
				);
				PRODUCT_BUNDLE_IDENTIFIER = "Bilel-Bouricha.InstagramCloneTests";
				PRODUCT_NAME = "$(TARGET_NAME)";
				SWIFT_VERSION = 5.0;
				TARGETED_DEVICE_FAMILY = "1,2";
				TEST_HOST = "$(BUILT_PRODUCTS_DIR)/InstagramClone.app/InstagramClone";
			};
			name = Release;
		};
		2403FBD3263351E700C9018B /* Debug */ = {
			isa = XCBuildConfiguration;
			buildSettings = {
				ALWAYS_EMBED_SWIFT_STANDARD_LIBRARIES = YES;
				CODE_SIGN_STYLE = Automatic;
				DEVELOPMENT_TEAM = 223PZ4VYA4;
				INFOPLIST_FILE = InstagramCloneUITests/Info.plist;
				LD_RUNPATH_SEARCH_PATHS = (
					"$(inherited)",
					"@executable_path/Frameworks",
					"@loader_path/Frameworks",
				);
				PRODUCT_BUNDLE_IDENTIFIER = "Bilel-Bouricha.InstagramCloneUITests";
				PRODUCT_NAME = "$(TARGET_NAME)";
				SWIFT_VERSION = 5.0;
				TARGETED_DEVICE_FAMILY = "1,2";
				TEST_TARGET_NAME = InstagramClone;
			};
			name = Debug;
		};
		2403FBD4263351E700C9018B /* Release */ = {
			isa = XCBuildConfiguration;
			buildSettings = {
				ALWAYS_EMBED_SWIFT_STANDARD_LIBRARIES = YES;
				CODE_SIGN_STYLE = Automatic;
				DEVELOPMENT_TEAM = 223PZ4VYA4;
				INFOPLIST_FILE = InstagramCloneUITests/Info.plist;
				LD_RUNPATH_SEARCH_PATHS = (
					"$(inherited)",
					"@executable_path/Frameworks",
					"@loader_path/Frameworks",
				);
				PRODUCT_BUNDLE_IDENTIFIER = "Bilel-Bouricha.InstagramCloneUITests";
				PRODUCT_NAME = "$(TARGET_NAME)";
				SWIFT_VERSION = 5.0;
				TARGETED_DEVICE_FAMILY = "1,2";
				TEST_TARGET_NAME = InstagramClone;
			};
			name = Release;
		};
/* End XCBuildConfiguration section */

/* Begin XCConfigurationList section */
		2403FB9D263351E400C9018B /* Build configuration list for PBXProject "InstagramClone" */ = {
			isa = XCConfigurationList;
			buildConfigurations = (
				2403FBCA263351E700C9018B /* Debug */,
				2403FBCB263351E700C9018B /* Release */,
			);
			defaultConfigurationIsVisible = 0;
			defaultConfigurationName = Release;
		};
		2403FBCC263351E700C9018B /* Build configuration list for PBXNativeTarget "InstagramClone" */ = {
			isa = XCConfigurationList;
			buildConfigurations = (
				2403FBCD263351E700C9018B /* Debug */,
				2403FBCE263351E700C9018B /* Release */,
			);
			defaultConfigurationIsVisible = 0;
			defaultConfigurationName = Release;
		};
		2403FBCF263351E700C9018B /* Build configuration list for PBXNativeTarget "InstagramCloneTests" */ = {
			isa = XCConfigurationList;
			buildConfigurations = (
				2403FBD0263351E700C9018B /* Debug */,
				2403FBD1263351E700C9018B /* Release */,
			);
			defaultConfigurationIsVisible = 0;
			defaultConfigurationName = Release;
		};
		2403FBD2263351E700C9018B /* Build configuration list for PBXNativeTarget "InstagramCloneUITests" */ = {
			isa = XCConfigurationList;
			buildConfigurations = (
				2403FBD3263351E700C9018B /* Debug */,
				2403FBD4263351E700C9018B /* Release */,
			);
			defaultConfigurationIsVisible = 0;
			defaultConfigurationName = Release;
		};
/* End XCConfigurationList section */
	};
	rootObject = 2403FB9A263351E400C9018B /* Project object */;
}
